// !$*UTF8*$!
{
	archiveVersion = 1;
	classes = {
	};
	objectVersion = 77;
	objects = {

/* Begin PBXBuildFile section */
		219F118A2CEC0F4800C86197 /* Auth in Frameworks */ = {isa = PBXBuildFile; productRef = 219F11892CEC0F4800C86197 /* Auth */; };
		219F118C2CEC0F4800C86197 /* Functions in Frameworks */ = {isa = PBXBuildFile; productRef = 219F118B2CEC0F4800C86197 /* Functions */; };
		219F118E2CEC0F4800C86197 /* PostgREST in Frameworks */ = {isa = PBXBuildFile; productRef = 219F118D2CEC0F4800C86197 /* PostgREST */; };
		219F11902CEC0F4800C86197 /* Realtime in Frameworks */ = {isa = PBXBuildFile; productRef = 219F118F2CEC0F4800C86197 /* Realtime */; };
		219F11922CEC0F4800C86197 /* Storage in Frameworks */ = {isa = PBXBuildFile; productRef = 219F11912CEC0F4800C86197 /* Storage */; };
		219F11942CEC0F4800C86197 /* Supabase in Frameworks */ = {isa = PBXBuildFile; productRef = 219F11932CEC0F4800C86197 /* Supabase */; };
		21ED213C2CEA7EF5003E6F27 /* Starscream in Frameworks */ = {isa = PBXBuildFile; productRef = 21ED213B2CEA7EF5003E6F27 /* Starscream */; };
/* End PBXBuildFile section */

/* Begin PBXContainerItemProxy section */
		21FB47292CBD734600A502F0 /* PBXContainerItemProxy */ = {
			isa = PBXContainerItemProxy;
			containerPortal = 21FB47102CBD734500A502F0 /* Project object */;
			proxyType = 1;
			remoteGlobalIDString = 21FB47172CBD734500A502F0;
			remoteInfo = "showfer-browser";
		};
		21FB47332CBD734600A502F0 /* PBXContainerItemProxy */ = {
			isa = PBXContainerItemProxy;
			containerPortal = 21FB47102CBD734500A502F0 /* Project object */;
			proxyType = 1;
			remoteGlobalIDString = 21FB47172CBD734500A502F0;
			remoteInfo = "showfer-browser";
		};
/* End PBXContainerItemProxy section */

/* Begin PBXFileReference section */
		21FB47182CBD734500A502F0 /* showfer-browser.app */ = {isa = PBXFileReference; explicitFileType = wrapper.application; includeInIndex = 0; path = "showfer-browser.app"; sourceTree = BUILT_PRODUCTS_DIR; };
		21FB47282CBD734600A502F0 /* showfer-browserTests.xctest */ = {isa = PBXFileReference; explicitFileType = wrapper.cfbundle; includeInIndex = 0; path = "showfer-browserTests.xctest"; sourceTree = BUILT_PRODUCTS_DIR; };
		21FB47322CBD734600A502F0 /* showfer-browserUITests.xctest */ = {isa = PBXFileReference; explicitFileType = wrapper.cfbundle; includeInIndex = 0; path = "showfer-browserUITests.xctest"; sourceTree = BUILT_PRODUCTS_DIR; };
/* End PBXFileReference section */

/* Begin PBXFileSystemSynchronizedBuildFileExceptionSet section */
		21CC873C2CDD71A500C61CA1 /* Exceptions for "showfer-browser" folder in "showfer-browser" target */ = {
			isa = PBXFileSystemSynchronizedBuildFileExceptionSet;
			membershipExceptions = (
				Info.plist,
			);
			target = 21FB47172CBD734500A502F0 /* showfer-browser */;
		};
/* End PBXFileSystemSynchronizedBuildFileExceptionSet section */

/* Begin PBXFileSystemSynchronizedRootGroup section */
		21FB471A2CBD734500A502F0 /* showfer-browser */ = {
			isa = PBXFileSystemSynchronizedRootGroup;
			exceptions = (
				21CC873C2CDD71A500C61CA1 /* Exceptions for "showfer-browser" folder in "showfer-browser" target */,
			);
			path = "showfer-browser";
			sourceTree = "<group>";
		};
		21FB472B2CBD734600A502F0 /* showfer-browserTests */ = {
			isa = PBXFileSystemSynchronizedRootGroup;
			path = "showfer-browserTests";
			sourceTree = "<group>";
		};
		21FB47352CBD734600A502F0 /* showfer-browserUITests */ = {
			isa = PBXFileSystemSynchronizedRootGroup;
			path = "showfer-browserUITests";
			sourceTree = "<group>";
		};
/* End PBXFileSystemSynchronizedRootGroup section */

/* Begin PBXFrameworksBuildPhase section */
		21FB47152CBD734500A502F0 /* Frameworks */ = {
			isa = PBXFrameworksBuildPhase;
			buildActionMask = 2147483647;
			files = (
				219F11942CEC0F4800C86197 /* Supabase in Frameworks */,
				219F11922CEC0F4800C86197 /* Storage in Frameworks */,
				219F118E2CEC0F4800C86197 /* PostgREST in Frameworks */,
				219F118C2CEC0F4800C86197 /* Functions in Frameworks */,
				219F118A2CEC0F4800C86197 /* Auth in Frameworks */,
				219F11902CEC0F4800C86197 /* Realtime in Frameworks */,
				21ED213C2CEA7EF5003E6F27 /* Starscream in Frameworks */,
			);
			runOnlyForDeploymentPostprocessing = 0;
		};
		21FB47252CBD734600A502F0 /* Frameworks */ = {
			isa = PBXFrameworksBuildPhase;
			buildActionMask = 2147483647;
			files = (
			);
			runOnlyForDeploymentPostprocessing = 0;
		};
		21FB472F2CBD734600A502F0 /* Frameworks */ = {
			isa = PBXFrameworksBuildPhase;
			buildActionMask = 2147483647;
			files = (
			);
			runOnlyForDeploymentPostprocessing = 0;
		};
/* End PBXFrameworksBuildPhase section */

/* Begin PBXGroup section */
		21FB470F2CBD734500A502F0 = {
			isa = PBXGroup;
			children = (
				21FB471A2CBD734500A502F0 /* showfer-browser */,
				21FB472B2CBD734600A502F0 /* showfer-browserTests */,
				21FB47352CBD734600A502F0 /* showfer-browserUITests */,
				21FB47192CBD734500A502F0 /* Products */,
			);
			sourceTree = "<group>";
		};
		21FB47192CBD734500A502F0 /* Products */ = {
			isa = PBXGroup;
			children = (
				21FB47182CBD734500A502F0 /* showfer-browser.app */,
				21FB47282CBD734600A502F0 /* showfer-browserTests.xctest */,
				21FB47322CBD734600A502F0 /* showfer-browserUITests.xctest */,
			);
			name = Products;
			sourceTree = "<group>";
		};
/* End PBXGroup section */

/* Begin PBXNativeTarget section */
		21FB47172CBD734500A502F0 /* showfer-browser */ = {
			isa = PBXNativeTarget;
			buildConfigurationList = 21FB473C2CBD734600A502F0 /* Build configuration list for PBXNativeTarget "showfer-browser" */;
			buildPhases = (
				21FB47142CBD734500A502F0 /* Sources */,
				21FB47152CBD734500A502F0 /* Frameworks */,
				21FB47162CBD734500A502F0 /* Resources */,
			);
			buildRules = (
			);
			dependencies = (
			);
			fileSystemSynchronizedGroups = (
				21FB471A2CBD734500A502F0 /* showfer-browser */,
			);
			name = "showfer-browser";
			packageProductDependencies = (
				21ED213B2CEA7EF5003E6F27 /* Starscream */,
				219F11892CEC0F4800C86197 /* Auth */,
				219F118B2CEC0F4800C86197 /* Functions */,
				219F118D2CEC0F4800C86197 /* PostgREST */,
				219F118F2CEC0F4800C86197 /* Realtime */,
				219F11912CEC0F4800C86197 /* Storage */,
				219F11932CEC0F4800C86197 /* Supabase */,
			);
			productName = "showfer-browser";
			productReference = 21FB47182CBD734500A502F0 /* showfer-browser.app */;
			productType = "com.apple.product-type.application";
		};
		21FB47272CBD734600A502F0 /* showfer-browserTests */ = {
			isa = PBXNativeTarget;
			buildConfigurationList = 21FB473F2CBD734600A502F0 /* Build configuration list for PBXNativeTarget "showfer-browserTests" */;
			buildPhases = (
				21FB47242CBD734600A502F0 /* Sources */,
				21FB47252CBD734600A502F0 /* Frameworks */,
				21FB47262CBD734600A502F0 /* Resources */,
			);
			buildRules = (
			);
			dependencies = (
				21FB472A2CBD734600A502F0 /* PBXTargetDependency */,
			);
			fileSystemSynchronizedGroups = (
				21FB472B2CBD734600A502F0 /* showfer-browserTests */,
			);
			name = "showfer-browserTests";
			packageProductDependencies = (
			);
			productName = "showfer-browserTests";
			productReference = 21FB47282CBD734600A502F0 /* showfer-browserTests.xctest */;
			productType = "com.apple.product-type.bundle.unit-test";
		};
		21FB47312CBD734600A502F0 /* showfer-browserUITests */ = {
			isa = PBXNativeTarget;
			buildConfigurationList = 21FB47422CBD734600A502F0 /* Build configuration list for PBXNativeTarget "showfer-browserUITests" */;
			buildPhases = (
				21FB472E2CBD734600A502F0 /* Sources */,
				21FB472F2CBD734600A502F0 /* Frameworks */,
				21FB47302CBD734600A502F0 /* Resources */,
			);
			buildRules = (
			);
			dependencies = (
				21FB47342CBD734600A502F0 /* PBXTargetDependency */,
			);
			fileSystemSynchronizedGroups = (
				21FB47352CBD734600A502F0 /* showfer-browserUITests */,
			);
			name = "showfer-browserUITests";
			packageProductDependencies = (
			);
			productName = "showfer-browserUITests";
			productReference = 21FB47322CBD734600A502F0 /* showfer-browserUITests.xctest */;
			productType = "com.apple.product-type.bundle.ui-testing";
		};
/* End PBXNativeTarget section */

/* Begin PBXProject section */
		21FB47102CBD734500A502F0 /* Project object */ = {
			isa = PBXProject;
			attributes = {
				BuildIndependentTargetsInParallel = 1;
				LastSwiftUpdateCheck = 1600;
				LastUpgradeCheck = 1600;
				TargetAttributes = {
					21FB47172CBD734500A502F0 = {
						CreatedOnToolsVersion = 16.0;
					};
					21FB47272CBD734600A502F0 = {
						CreatedOnToolsVersion = 16.0;
						TestTargetID = 21FB47172CBD734500A502F0;
					};
					21FB47312CBD734600A502F0 = {
						CreatedOnToolsVersion = 16.0;
						TestTargetID = 21FB47172CBD734500A502F0;
					};
				};
			};
			buildConfigurationList = 21FB47132CBD734500A502F0 /* Build configuration list for PBXProject "showfer-browser" */;
			developmentRegion = en;
			hasScannedForEncodings = 0;
			knownRegions = (
				en,
				Base,
			);
			mainGroup = 21FB470F2CBD734500A502F0;
			minimizedProjectReferenceProxies = 1;
			packageReferences = (
				21ED213A2CEA7EF5003E6F27 /* XCRemoteSwiftPackageReference "Starscream" */,
				219F11882CEC0F4800C86197 /* XCRemoteSwiftPackageReference "supabase-swift" */,
			);
			preferredProjectObjectVersion = 77;
			productRefGroup = 21FB47192CBD734500A502F0 /* Products */;
			projectDirPath = "";
			projectRoot = "";
			targets = (
				21FB47172CBD734500A502F0 /* showfer-browser */,
				21FB47272CBD734600A502F0 /* showfer-browserTests */,
				21FB47312CBD734600A502F0 /* showfer-browserUITests */,
			);
		};
/* End PBXProject section */

/* Begin PBXResourcesBuildPhase section */
		21FB47162CBD734500A502F0 /* Resources */ = {
			isa = PBXResourcesBuildPhase;
			buildActionMask = 2147483647;
			files = (
			);
			runOnlyForDeploymentPostprocessing = 0;
		};
		21FB47262CBD734600A502F0 /* Resources */ = {
			isa = PBXResourcesBuildPhase;
			buildActionMask = 2147483647;
			files = (
			);
			runOnlyForDeploymentPostprocessing = 0;
		};
		21FB47302CBD734600A502F0 /* Resources */ = {
			isa = PBXResourcesBuildPhase;
			buildActionMask = 2147483647;
			files = (
			);
			runOnlyForDeploymentPostprocessing = 0;
		};
/* End PBXResourcesBuildPhase section */

/* Begin PBXSourcesBuildPhase section */
		21FB47142CBD734500A502F0 /* Sources */ = {
			isa = PBXSourcesBuildPhase;
			buildActionMask = 2147483647;
			files = (
			);
			runOnlyForDeploymentPostprocessing = 0;
		};
		21FB47242CBD734600A502F0 /* Sources */ = {
			isa = PBXSourcesBuildPhase;
			buildActionMask = 2147483647;
			files = (
			);
			runOnlyForDeploymentPostprocessing = 0;
		};
		21FB472E2CBD734600A502F0 /* Sources */ = {
			isa = PBXSourcesBuildPhase;
			buildActionMask = 2147483647;
			files = (
			);
			runOnlyForDeploymentPostprocessing = 0;
		};
/* End PBXSourcesBuildPhase section */

/* Begin PBXTargetDependency section */
		21FB472A2CBD734600A502F0 /* PBXTargetDependency */ = {
			isa = PBXTargetDependency;
			target = 21FB47172CBD734500A502F0 /* showfer-browser */;
			targetProxy = 21FB47292CBD734600A502F0 /* PBXContainerItemProxy */;
		};
		21FB47342CBD734600A502F0 /* PBXTargetDependency */ = {
			isa = PBXTargetDependency;
			target = 21FB47172CBD734500A502F0 /* showfer-browser */;
			targetProxy = 21FB47332CBD734600A502F0 /* PBXContainerItemProxy */;
		};
/* End PBXTargetDependency section */

/* Begin XCBuildConfiguration section */
		21FB473A2CBD734600A502F0 /* Debug */ = {
			isa = XCBuildConfiguration;
			buildSettings = {
				ALWAYS_SEARCH_USER_PATHS = NO;
				ASSETCATALOG_COMPILER_GENERATE_SWIFT_ASSET_SYMBOL_EXTENSIONS = YES;
				CLANG_ANALYZER_NONNULL = YES;
				CLANG_ANALYZER_NUMBER_OBJECT_CONVERSION = YES_AGGRESSIVE;
				CLANG_CXX_LANGUAGE_STANDARD = "gnu++20";
				CLANG_ENABLE_MODULES = YES;
				CLANG_ENABLE_OBJC_ARC = YES;
				CLANG_ENABLE_OBJC_WEAK = YES;
				CLANG_WARN_BLOCK_CAPTURE_AUTORELEASING = YES;
				CLANG_WARN_BOOL_CONVERSION = YES;
				CLANG_WARN_COMMA = YES;
				CLANG_WARN_CONSTANT_CONVERSION = YES;
				CLANG_WARN_DEPRECATED_OBJC_IMPLEMENTATIONS = YES;
				CLANG_WARN_DIRECT_OBJC_ISA_USAGE = YES_ERROR;
				CLANG_WARN_DOCUMENTATION_COMMENTS = YES;
				CLANG_WARN_EMPTY_BODY = YES;
				CLANG_WARN_ENUM_CONVERSION = YES;
				CLANG_WARN_INFINITE_RECURSION = YES;
				CLANG_WARN_INT_CONVERSION = YES;
				CLANG_WARN_NON_LITERAL_NULL_CONVERSION = YES;
				CLANG_WARN_OBJC_IMPLICIT_RETAIN_SELF = YES;
				CLANG_WARN_OBJC_LITERAL_CONVERSION = YES;
				CLANG_WARN_OBJC_ROOT_CLASS = YES_ERROR;
				CLANG_WARN_QUOTED_INCLUDE_IN_FRAMEWORK_HEADER = YES;
				CLANG_WARN_RANGE_LOOP_ANALYSIS = YES;
				CLANG_WARN_STRICT_PROTOTYPES = YES;
				CLANG_WARN_SUSPICIOUS_MOVE = YES;
				CLANG_WARN_UNGUARDED_AVAILABILITY = YES_AGGRESSIVE;
				CLANG_WARN_UNREACHABLE_CODE = YES;
				CLANG_WARN__DUPLICATE_METHOD_MATCH = YES;
				COPY_PHASE_STRIP = NO;
				DEBUG_INFORMATION_FORMAT = dwarf;
				ENABLE_STRICT_OBJC_MSGSEND = YES;
				ENABLE_TESTABILITY = YES;
				ENABLE_USER_SCRIPT_SANDBOXING = YES;
				GCC_C_LANGUAGE_STANDARD = gnu17;
				GCC_DYNAMIC_NO_PIC = NO;
				GCC_NO_COMMON_BLOCKS = YES;
				GCC_OPTIMIZATION_LEVEL = 0;
				GCC_PREPROCESSOR_DEFINITIONS = (
					"DEBUG=1",
					"$(inherited)",
				);
				GCC_WARN_64_TO_32_BIT_CONVERSION = YES;
				GCC_WARN_ABOUT_RETURN_TYPE = YES_ERROR;
				GCC_WARN_UNDECLARED_SELECTOR = YES;
				GCC_WARN_UNINITIALIZED_AUTOS = YES_AGGRESSIVE;
				GCC_WARN_UNUSED_FUNCTION = YES;
				GCC_WARN_UNUSED_VARIABLE = YES;
				IPHONEOS_DEPLOYMENT_TARGET = 18.0;
				LOCALIZATION_PREFERS_STRING_CATALOGS = YES;
				MTL_ENABLE_DEBUG_INFO = INCLUDE_SOURCE;
				MTL_FAST_MATH = YES;
				ONLY_ACTIVE_ARCH = YES;
				SDKROOT = iphoneos;
				SWIFT_ACTIVE_COMPILATION_CONDITIONS = "DEBUG $(inherited)";
				SWIFT_OPTIMIZATION_LEVEL = "-Onone";
			};
			name = Debug;
		};
		21FB473B2CBD734600A502F0 /* Release */ = {
			isa = XCBuildConfiguration;
			buildSettings = {
				ALWAYS_SEARCH_USER_PATHS = NO;
				ASSETCATALOG_COMPILER_GENERATE_SWIFT_ASSET_SYMBOL_EXTENSIONS = YES;
				CLANG_ANALYZER_NONNULL = YES;
				CLANG_ANALYZER_NUMBER_OBJECT_CONVERSION = YES_AGGRESSIVE;
				CLANG_CXX_LANGUAGE_STANDARD = "gnu++20";
				CLANG_ENABLE_MODULES = YES;
				CLANG_ENABLE_OBJC_ARC = YES;
				CLANG_ENABLE_OBJC_WEAK = YES;
				CLANG_WARN_BLOCK_CAPTURE_AUTORELEASING = YES;
				CLANG_WARN_BOOL_CONVERSION = YES;
				CLANG_WARN_COMMA = YES;
				CLANG_WARN_CONSTANT_CONVERSION = YES;
				CLANG_WARN_DEPRECATED_OBJC_IMPLEMENTATIONS = YES;
				CLANG_WARN_DIRECT_OBJC_ISA_USAGE = YES_ERROR;
				CLANG_WARN_DOCUMENTATION_COMMENTS = YES;
				CLANG_WARN_EMPTY_BODY = YES;
				CLANG_WARN_ENUM_CONVERSION = YES;
				CLANG_WARN_INFINITE_RECURSION = YES;
				CLANG_WARN_INT_CONVERSION = YES;
				CLANG_WARN_NON_LITERAL_NULL_CONVERSION = YES;
				CLANG_WARN_OBJC_IMPLICIT_RETAIN_SELF = YES;
				CLANG_WARN_OBJC_LITERAL_CONVERSION = YES;
				CLANG_WARN_OBJC_ROOT_CLASS = YES_ERROR;
				CLANG_WARN_QUOTED_INCLUDE_IN_FRAMEWORK_HEADER = YES;
				CLANG_WARN_RANGE_LOOP_ANALYSIS = YES;
				CLANG_WARN_STRICT_PROTOTYPES = YES;
				CLANG_WARN_SUSPICIOUS_MOVE = YES;
				CLANG_WARN_UNGUARDED_AVAILABILITY = YES_AGGRESSIVE;
				CLANG_WARN_UNREACHABLE_CODE = YES;
				CLANG_WARN__DUPLICATE_METHOD_MATCH = YES;
				COPY_PHASE_STRIP = NO;
				DEBUG_INFORMATION_FORMAT = "dwarf-with-dsym";
				ENABLE_NS_ASSERTIONS = NO;
				ENABLE_STRICT_OBJC_MSGSEND = YES;
				ENABLE_USER_SCRIPT_SANDBOXING = YES;
				GCC_C_LANGUAGE_STANDARD = gnu17;
				GCC_NO_COMMON_BLOCKS = YES;
				GCC_WARN_64_TO_32_BIT_CONVERSION = YES;
				GCC_WARN_ABOUT_RETURN_TYPE = YES_ERROR;
				GCC_WARN_UNDECLARED_SELECTOR = YES;
				GCC_WARN_UNINITIALIZED_AUTOS = YES_AGGRESSIVE;
				GCC_WARN_UNUSED_FUNCTION = YES;
				GCC_WARN_UNUSED_VARIABLE = YES;
				IPHONEOS_DEPLOYMENT_TARGET = 18.0;
				LOCALIZATION_PREFERS_STRING_CATALOGS = YES;
				MTL_ENABLE_DEBUG_INFO = NO;
				MTL_FAST_MATH = YES;
				SDKROOT = iphoneos;
				SWIFT_COMPILATION_MODE = wholemodule;
				VALIDATE_PRODUCT = YES;
			};
			name = Release;
		};
		21FB473D2CBD734600A502F0 /* Debug */ = {
			isa = XCBuildConfiguration;
			buildSettings = {
				ASSETCATALOG_COMPILER_APPICON_NAME = AppIcon;
				ASSETCATALOG_COMPILER_GLOBAL_ACCENT_COLOR_NAME = AccentColor;
				CODE_SIGN_ENTITLEMENTS = "showfer-browser/showfer-browser.entitlements";
				CODE_SIGN_STYLE = Automatic;
				CURRENT_PROJECT_VERSION = 1;
				DEVELOPMENT_ASSET_PATHS = "\"showfer-browser/Preview Content\"";
				DEVELOPMENT_TEAM = RYLB9B332S;
				ENABLE_PREVIEWS = YES;
				GENERATE_INFOPLIST_FILE = YES;
				INFOPLIST_FILE = "showfer-browser/Info.plist";
				INFOPLIST_KEY_CFBundleDisplayName = Showfer;
				INFOPLIST_KEY_NSMicrophoneUsageDescription = "We need access to your microphone for speech recognition";
				INFOPLIST_KEY_UIApplicationSceneManifest_Generation = YES;
				INFOPLIST_KEY_UIApplicationSupportsIndirectInputEvents = YES;
				INFOPLIST_KEY_UILaunchScreen_Generation = YES;
				INFOPLIST_KEY_UISupportedInterfaceOrientations_iPad = "UIInterfaceOrientationPortrait UIInterfaceOrientationPortraitUpsideDown UIInterfaceOrientationLandscapeLeft UIInterfaceOrientationLandscapeRight";
				INFOPLIST_KEY_UISupportedInterfaceOrientations_iPhone = "UIInterfaceOrientationPortrait UIInterfaceOrientationLandscapeLeft UIInterfaceOrientationLandscapeRight";
				LD_RUNPATH_SEARCH_PATHS = (
					"$(inherited)",
					"@executable_path/Frameworks",
				);
				MARKETING_VERSION = 1.0;
				PRODUCT_BUNDLE_IDENTIFIER = "sourav.showfer-browser";
				PRODUCT_NAME = "$(TARGET_NAME)";
				SWIFT_EMIT_LOC_STRINGS = YES;
				SWIFT_VERSION = 5.0;
				TARGETED_DEVICE_FAMILY = "1,2";
			};
			name = Debug;
		};
		21FB473E2CBD734600A502F0 /* Release */ = {
			isa = XCBuildConfiguration;
			buildSettings = {
				ASSETCATALOG_COMPILER_APPICON_NAME = AppIcon;
				ASSETCATALOG_COMPILER_GLOBAL_ACCENT_COLOR_NAME = AccentColor;
				CODE_SIGN_ENTITLEMENTS = "showfer-browser/showfer-browser.entitlements";
				CODE_SIGN_STYLE = Automatic;
				CURRENT_PROJECT_VERSION = 1;
				DEVELOPMENT_ASSET_PATHS = "\"showfer-browser/Preview Content\"";
				DEVELOPMENT_TEAM = RYLB9B332S;
				ENABLE_PREVIEWS = YES;
				GENERATE_INFOPLIST_FILE = YES;
				INFOPLIST_FILE = "showfer-browser/Info.plist";
				INFOPLIST_KEY_CFBundleDisplayName = Showfer;
				INFOPLIST_KEY_NSMicrophoneUsageDescription = "We need access to your microphone for speech recognition";
				INFOPLIST_KEY_UIApplicationSceneManifest_Generation = YES;
				INFOPLIST_KEY_UIApplicationSupportsIndirectInputEvents = YES;
				INFOPLIST_KEY_UILaunchScreen_Generation = YES;
				INFOPLIST_KEY_UISupportedInterfaceOrientations_iPad = "UIInterfaceOrientationPortrait UIInterfaceOrientationPortraitUpsideDown UIInterfaceOrientationLandscapeLeft UIInterfaceOrientationLandscapeRight";
				INFOPLIST_KEY_UISupportedInterfaceOrientations_iPhone = "UIInterfaceOrientationPortrait UIInterfaceOrientationLandscapeLeft UIInterfaceOrientationLandscapeRight";
				LD_RUNPATH_SEARCH_PATHS = (
					"$(inherited)",
					"@executable_path/Frameworks",
				);
				MARKETING_VERSION = 1.0;
				PRODUCT_BUNDLE_IDENTIFIER = "sourav.showfer-browser";
				PRODUCT_NAME = "$(TARGET_NAME)";
				SWIFT_EMIT_LOC_STRINGS = YES;
				SWIFT_VERSION = 5.0;
				TARGETED_DEVICE_FAMILY = "1,2";
			};
			name = Release;
		};
		21FB47402CBD734600A502F0 /* Debug */ = {
			isa = XCBuildConfiguration;
			buildSettings = {
				BUNDLE_LOADER = "$(TEST_HOST)";
				CODE_SIGN_STYLE = Automatic;
				CURRENT_PROJECT_VERSION = 1;
				DEVELOPMENT_TEAM = RYLB9B332S;
				GENERATE_INFOPLIST_FILE = YES;
				IPHONEOS_DEPLOYMENT_TARGET = 18.0;
				MARKETING_VERSION = 1.0;
				PRODUCT_BUNDLE_IDENTIFIER = "sourav.showfer-browserTests";
				PRODUCT_NAME = "$(TARGET_NAME)";
				SWIFT_EMIT_LOC_STRINGS = NO;
				SWIFT_VERSION = 5.0;
				TARGETED_DEVICE_FAMILY = "1,2";
				TEST_HOST = "$(BUILT_PRODUCTS_DIR)/showfer-browser.app/$(BUNDLE_EXECUTABLE_FOLDER_PATH)/showfer-browser";
			};
			name = Debug;
		};
		21FB47412CBD734600A502F0 /* Release */ = {
			isa = XCBuildConfiguration;
			buildSettings = {
				BUNDLE_LOADER = "$(TEST_HOST)";
				CODE_SIGN_STYLE = Automatic;
				CURRENT_PROJECT_VERSION = 1;
				DEVELOPMENT_TEAM = RYLB9B332S;
				GENERATE_INFOPLIST_FILE = YES;
				IPHONEOS_DEPLOYMENT_TARGET = 18.0;
				MARKETING_VERSION = 1.0;
				PRODUCT_BUNDLE_IDENTIFIER = "sourav.showfer-browserTests";
				PRODUCT_NAME = "$(TARGET_NAME)";
				SWIFT_EMIT_LOC_STRINGS = NO;
				SWIFT_VERSION = 5.0;
				TARGETED_DEVICE_FAMILY = "1,2";
				TEST_HOST = "$(BUILT_PRODUCTS_DIR)/showfer-browser.app/$(BUNDLE_EXECUTABLE_FOLDER_PATH)/showfer-browser";
			};
			name = Release;
		};
		21FB47432CBD734600A502F0 /* Debug */ = {
			isa = XCBuildConfiguration;
			buildSettings = {
				CODE_SIGN_STYLE = Automatic;
				CURRENT_PROJECT_VERSION = 1;
				DEVELOPMENT_TEAM = RYLB9B332S;
				GENERATE_INFOPLIST_FILE = YES;
				MARKETING_VERSION = 1.0;
				PRODUCT_BUNDLE_IDENTIFIER = "sourav.showfer-browserUITests";
				PRODUCT_NAME = "$(TARGET_NAME)";
				SWIFT_EMIT_LOC_STRINGS = NO;
				SWIFT_VERSION = 5.0;
				TARGETED_DEVICE_FAMILY = "1,2";
				TEST_TARGET_NAME = "showfer-browser";
			};
			name = Debug;
		};
		21FB47442CBD734600A502F0 /* Release */ = {
			isa = XCBuildConfiguration;
			buildSettings = {
				CODE_SIGN_STYLE = Automatic;
				CURRENT_PROJECT_VERSION = 1;
				DEVELOPMENT_TEAM = RYLB9B332S;
				GENERATE_INFOPLIST_FILE = YES;
				MARKETING_VERSION = 1.0;
				PRODUCT_BUNDLE_IDENTIFIER = "sourav.showfer-browserUITests";
				PRODUCT_NAME = "$(TARGET_NAME)";
				SWIFT_EMIT_LOC_STRINGS = NO;
				SWIFT_VERSION = 5.0;
				TARGETED_DEVICE_FAMILY = "1,2";
				TEST_TARGET_NAME = "showfer-browser";
			};
			name = Release;
		};
/* End XCBuildConfiguration section */

/* Begin XCConfigurationList section */
		21FB47132CBD734500A502F0 /* Build configuration list for PBXProject "showfer-browser" */ = {
			isa = XCConfigurationList;
			buildConfigurations = (
				21FB473A2CBD734600A502F0 /* Debug */,
				21FB473B2CBD734600A502F0 /* Release */,
			);
			defaultConfigurationIsVisible = 0;
			defaultConfigurationName = Release;
		};
		21FB473C2CBD734600A502F0 /* Build configuration list for PBXNativeTarget "showfer-browser" */ = {
			isa = XCConfigurationList;
			buildConfigurations = (
				21FB473D2CBD734600A502F0 /* Debug */,
				21FB473E2CBD734600A502F0 /* Release */,
			);
			defaultConfigurationIsVisible = 0;
			defaultConfigurationName = Release;
		};
		21FB473F2CBD734600A502F0 /* Build configuration list for PBXNativeTarget "showfer-browserTests" */ = {
			isa = XCConfigurationList;
			buildConfigurations = (
				21FB47402CBD734600A502F0 /* Debug */,
				21FB47412CBD734600A502F0 /* Release */,
			);
			defaultConfigurationIsVisible = 0;
			defaultConfigurationName = Release;
		};
		21FB47422CBD734600A502F0 /* Build configuration list for PBXNativeTarget "showfer-browserUITests" */ = {
			isa = XCConfigurationList;
			buildConfigurations = (
				21FB47432CBD734600A502F0 /* Debug */,
				21FB47442CBD734600A502F0 /* Release */,
			);
			defaultConfigurationIsVisible = 0;
			defaultConfigurationName = Release;
		};
/* End XCConfigurationList section */

/* Begin XCRemoteSwiftPackageReference section */
		219F11882CEC0F4800C86197 /* XCRemoteSwiftPackageReference "supabase-swift" */ = {
			isa = XCRemoteSwiftPackageReference;
			repositoryURL = "https://github.com/supabase/supabase-swift";
			requirement = {
				kind = upToNextMajorVersion;
				minimumVersion = 2.5.1;
			};
		};
		21ED213A2CEA7EF5003E6F27 /* XCRemoteSwiftPackageReference "Starscream" */ = {
			isa = XCRemoteSwiftPackageReference;
			repositoryURL = "https://github.com/daltoniam/Starscream.git";
			requirement = {
				kind = exactVersion;
				version = 4.0.4;
			};
		};
/* End XCRemoteSwiftPackageReference section */

/* Begin XCSwiftPackageProductDependency section */
		219F11892CEC0F4800C86197 /* Auth */ = {
			isa = XCSwiftPackageProductDependency;
			package = 219F11882CEC0F4800C86197 /* XCRemoteSwiftPackageReference "supabase-swift" */;
			productName = Auth;
		};
		219F118B2CEC0F4800C86197 /* Functions */ = {
			isa = XCSwiftPackageProductDependency;
			package = 219F11882CEC0F4800C86197 /* XCRemoteSwiftPackageReference "supabase-swift" */;
			productName = Functions;
		};
		219F118D2CEC0F4800C86197 /* PostgREST */ = {
			isa = XCSwiftPackageProductDependency;
			package = 219F11882CEC0F4800C86197 /* XCRemoteSwiftPackageReference "supabase-swift" */;
			productName = PostgREST;
		};
		219F118F2CEC0F4800C86197 /* Realtime */ = {
			isa = XCSwiftPackageProductDependency;
			package = 219F11882CEC0F4800C86197 /* XCRemoteSwiftPackageReference "supabase-swift" */;
			productName = Realtime;
		};
		219F11912CEC0F4800C86197 /* Storage */ = {
			isa = XCSwiftPackageProductDependency;
			package = 219F11882CEC0F4800C86197 /* XCRemoteSwiftPackageReference "supabase-swift" */;
			productName = Storage;
		};
		219F11932CEC0F4800C86197 /* Supabase */ = {
			isa = XCSwiftPackageProductDependency;
			package = 219F11882CEC0F4800C86197 /* XCRemoteSwiftPackageReference "supabase-swift" */;
			productName = Supabase;
		};
		21ED213B2CEA7EF5003E6F27 /* Starscream */ = {
			isa = XCSwiftPackageProductDependency;
			package = 21ED213A2CEA7EF5003E6F27 /* XCRemoteSwiftPackageReference "Starscream" */;
			productName = Starscream;
		};
/* End XCSwiftPackageProductDependency section */
	};
	rootObject = 21FB47102CBD734500A502F0 /* Project object */;
}
